{
    "name": "user-scripts",
    "version": "0.0.0",
    "lockfileVersion": 2,
    "requires": true,
    "packages": {
        "": {
            "name": "user-scripts",
            "version": "0.0.0",
            "license": "MIT",
            "dependencies": {
                "my-math": "file:local-packages/my-math",
                "slug": "^8.2.2"
            },
            "devDependencies": {
                "@types/node": "^18.11.9",
                "@types/slug": "^5.0.3",
                "@types/vscode": "1.73"
            }
        },
        "local-packages/my-math": {
            "version": "1.0.0",
            "license": "ISC"
        },
        "node_modules/@types/node": {
            "version": "18.11.9",
            "resolved": "https://registry.npmjs.org/@types/node/-/node-18.11.9.tgz",
            "integrity": "sha512-CRpX21/kGdzjOpFsZSkcrXMGIBWMGNIHXXBVFSH+ggkftxg+XYP20TESbh+zFvFj3EQOl5byk0HTRn1IL6hbqg==",
            "dev": true,
            "license": "MIT"
        },
        "node_modules/@types/slug": {
            "version": "5.0.3",
            "resolved": "https://registry.npmjs.org/@types/slug/-/slug-5.0.3.tgz",
            "integrity": "sha512-yPX0bb1SvrpaGlHuSiz6EicgRI4VBE+LO7IANlZagQwtaoKjLLcZc8y6s13vKp41mYvMCSzjtObxvU7/0JRPaA==",
            "dev": true
        },
        "node_modules/@types/vscode": {
            "version": "1.73.1",
            "resolved": "https://registry.npmjs.org/@types/vscode/-/vscode-1.73.1.tgz",
            "integrity": "sha512-eArfOrAoZVV+Ao9zQOCaFNaeXj4kTCD+bGS2gyNgIFZH9xVMuLMlRrEkhb22NyxycFWKV1UyTh03vhaVHmqVMg==",
            "dev": true,
            "license": "MIT"
        },
        "node_modules/my-math": {
            "resolved": "local-packages/my-math",
            "link": true
        },
        "node_modules/slug": {
            "version": "8.2.2",
            "resolved": "https://registry.npmjs.org/slug/-/slug-8.2.2.tgz",
            "integrity": "sha512-5ByW6qXqPeG0Tmlkh24JhdXhvQsbaJSjVr3GgGxUV0BSskZKKBZZfFWxezap8+fh1vxBN9GVbqI1V6nqAFxlBg==",
            "bin": {
                "slug": "cli.js"
            }
        },
        "packages/my-math": {
            "version": "1.0.0",
            "extraneous": true,
            "license": "ISC"
        }
    },
    "dependencies": {
        "@types/node": {
            "version": "18.11.9",
            "resolved": "https://registry.npmjs.org/@types/node/-/node-18.11.9.tgz",
            "integrity": "sha512-CRpX21/kGdzjOpFsZSkcrXMGIBWMGNIHXXBVFSH+ggkftxg+XYP20TESbh+zFvFj3EQOl5byk0HTRn1IL6hbqg==",
            "dev": true
        },
        "@types/slug": {
            "version": "5.0.3",
            "resolved": "https://registry.npmjs.org/@types/slug/-/slug-5.0.3.tgz",
            "integrity": "sha512-yPX0bb1SvrpaGlHuSiz6EicgRI4VBE+LO7IANlZagQwtaoKjLLcZc8y6s13vKp41mYvMCSzjtObxvU7/0JRPaA==",
            "dev": true
        },
        "@types/vscode": {
            "version": "1.73.1",
            "resolved": "https://registry.npmjs.org/@types/vscode/-/vscode-1.73.1.tgz",
            "integrity": "sha512-eArfOrAoZVV+Ao9zQOCaFNaeXj4kTCD+bGS2gyNgIFZH9xVMuLMlRrEkhb22NyxycFWKV1UyTh03vhaVHmqVMg==",
            "dev": true
        },
        "my-math": {
            "version": "file:local-packages/my-math"
        },
        "slug": {
            "version": "8.2.2",
            "resolved": "https://registry.npmjs.org/slug/-/slug-8.2.2.tgz",
            "integrity": "sha512-5ByW6qXqPeG0Tmlkh24JhdXhvQsbaJSjVr3GgGxUV0BSskZKKBZZfFWxezap8+fh1vxBN9GVbqI1V6nqAFxlBg=="
        }
    }
}
