{
  "name": "user-scripts",
  "version": "0.0.0",
  "lockfileVersion": 2,
  "requires": true,
  "packages": {
    "": {
      "name": "user-scripts",
      "version": "0.0.0",
      "license": "MIT",
      "dependencies": {
        "@types/node": "^18.11.9",
        "@types/vscode": "1.73",
        "slug": "^8.2.2"
      }
    },
    "node_modules/@types/node": {
      "version": "18.11.9",
      "resolved": "https://registry.npmjs.org/@types/node/-/node-18.11.9.tgz",
      "integrity": "sha512-CRpX21/kGdzjOpFsZSkcrXMGIBWMGNIHXXBVFSH+ggkftxg+XYP20TESbh+zFvFj3EQOl5byk0HTRn1IL6hbqg==",
      "license": "MIT"
    },
    "node_modules/@types/vscode": {
      "version": "1.73.1",
      "resolved": "https://registry.npmjs.org/@types/vscode/-/vscode-1.73.1.tgz",
      "integrity": "sha512-eArfOrAoZVV+Ao9zQOCaFNaeXj4kTCD+bGS2gyNgIFZH9xVMuLMlRrEkhb22NyxycFWKV1UyTh03vhaVHmqVMg==",
      "license": "MIT"
    },
    "node_modules/slug": {
      "version": "8.2.2",
      "resolved": "https://registry.npmjs.org/slug/-/slug-8.2.2.tgz",
      "integrity": "sha512-5ByW6qXqPeG0Tmlkh24JhdXhvQsbaJSjVr3GgGxUV0BSskZKKBZZfFWxezap8+fh1vxBN9GVbqI1V6nqAFxlBg==",
      "bin": {
        "slug": "cli.js"
      }
    }
  },
  "dependencies": {
    "@types/node": {
      "version": "18.11.9",
      "resolved": "https://registry.npmjs.org/@types/node/-/node-18.11.9.tgz",
      "integrity": "sha512-CRpX21/kGdzjOpFsZSkcrXMGIBWMGNIHXXBVFSH+ggkftxg+XYP20TESbh+zFvFj3EQOl5byk0HTRn1IL6hbqg=="
    },
    "@types/vscode": {
      "version": "1.73.1",
      "resolved": "https://registry.npmjs.org/@types/vscode/-/vscode-1.73.1.tgz",
      "integrity": "sha512-eArfOrAoZVV+Ao9zQOCaFNaeXj4kTCD+bGS2gyNgIFZH9xVMuLMlRrEkhb22NyxycFWKV1UyTh03vhaVHmqVMg=="
    },
    "slug": {
      "version": "8.2.2",
      "resolved": "https://registry.npmjs.org/slug/-/slug-8.2.2.tgz",
      "integrity": "sha512-5ByW6qXqPeG0Tmlkh24JhdXhvQsbaJSjVr3GgGxUV0BSskZKKBZZfFWxezap8+fh1vxBN9GVbqI1V6nqAFxlBg=="
    }
  }
}
